
Microsoft Visual Studio Solution File, Format Version 12.00
# Visual Studio Version 17
VisualStudioVersion = 17.12.35514.174
MinimumVisualStudioVersion = 10.0.40219.1
Project("{FAE04EC0-301F-11D3-BF4B-00C04F79EFBC}") = "KekiEditor", "KekiEditor\KekiEditor.csproj", "{84AF6B2C-CCD2-450C-9053-0AA2E204580E}"
EndProject
Project("{8BC9CEB8-8B4A-11D0-8D11-00A0C91BC942}") = "KekiEngine", "Engine\Engine.vcxproj", "{61C6C8ED-BB1F-4DAD-8B1B-21DDD71BBDC0}"
EndProject
Global
	GlobalSection(SolutionConfigurationPlatforms) = preSolution
		Debug|Any CPU = Debug|Any CPU
		Debug|x64 = Debug|x64
		Release|Any CPU = Release|Any CPU
		Release|x64 = Release|x64
	EndGlobalSection
	GlobalSection(ProjectConfigurationPlatforms) = postSolution
		{61C6C8ED-BB1F-4DAD-8B1B-21DDD71BBDC0}.Debug|Any CPU.ActiveCfg = Debug|x64
		{61C6C8ED-BB1F-4DAD-8B1B-21DDD71BBDC0}.Debug|Any CPU.Build.0 = Debug|x64
		{61C6C8ED-BB1F-4DAD-8B1B-21DDD71BBDC0}.Debug|x64.ActiveCfg = Debug|x64
		{61C6C8ED-BB1F-4DAD-8B1B-21DDD71BBDC0}.Debug|x64.Build.0 = Debug|x64
		{61C6C8ED-BB1F-4DAD-8B1B-21DDD71BBDC0}.Release|Any CPU.ActiveCfg = Release|x64
		{61C6C8ED-BB1F-4DAD-8B1B-21DDD71BBDC0}.Release|Any CPU.Build.0 = Release|x64
		{61C6C8ED-BB1F-4DAD-8B1B-21DDD71BBDC0}.Release|x64.ActiveCfg = Release|x64
		{61C6C8ED-BB1F-4DAD-8B1B-21DDD71BBDC0}.Release|x64.Build.0 = Release|x64
		{84AF6B2C-CCD2-450C-9053-0AA2E204580E}.Debug|Any CPU.ActiveCfg = Debug|Any CPU
		{84AF6B2C-CCD2-450C-9053-0AA2E204580E}.Debug|Any CPU.Build.0 = Debug|Any CPU
		{84AF6B2C-CCD2-450C-9053-0AA2E204580E}.Debug|x64.ActiveCfg = Debug|Any CPU
		{84AF6B2C-CCD2-450C-9053-0AA2E204580E}.Debug|x64.Build.0 = Debug|Any CPU
		{84AF6B2C-CCD2-450C-9053-0AA2E204580E}.Release|Any CPU.ActiveCfg = Release|Any CPU
		{84AF6B2C-CCD2-450C-9053-0AA2E204580E}.Release|Any CPU.Build.0 = Release|Any CPU
		{84AF6B2C-CCD2-450C-9053-0AA2E204580E}.Release|x64.ActiveCfg = Release|Any CPU
		{84AF6B2C-CCD2-450C-9053-0AA2E204580E}.Release|x64.Build.0 = Release|Any CPU
	EndGlobalSection
	GlobalSection(SolutionProperties) = preSolution
		HideSolutionNode = FALSE
	EndGlobalSection
EndGlobal
